# This file is automatically @generated by Cargo.
# It is not intended for manual editing.
version = 3

[[package]]
name = "color-hex"
version = "0.2.0"
source = "registry+https://github.com/rust-lang/crates.io-index"
checksum = "ecdffb913a326b6c642290a0d0ec8e8d6597291acdc07cc4c9cb4b3635d44cf9"

[[package]]
name = "mytmux"
version = "0.1.0"
dependencies = [
 "color-hex",
 "tmux_interface",
]

[[package]]
name = "tmux_interface"
version = "0.3.1"
source = "registry+https://github.com/rust-lang/crates.io-index"
checksum = "db92951877a432e10706c6c101f9e1f8ff4ea3d92df2903ae776d84cf9ca0bce"
